
Microsoft Visual Studio Solution File, Format Version 12.00
# Visual Studio Version 17
VisualStudioVersion = 17.12.35707.178
MinimumVisualStudioVersion = 10.0.40219.1
Project("{FAE04EC0-301F-11D3-BF4B-00C04F79EFBC}") = "AulasSiencb2", "AulasSiencb2.csproj", "{3FAB5C86-DAC1-448D-B142-D86EC3858BFD}"
EndProject
Project("{54435603-DBB4-11D2-8724-00A0C9A8B90C}") = "AulasSiencb_instalador", "..\AulasSiencb_instalador\AulasSiencb_instalador.vdproj", "{9B7F561F-E337-4465-9587-BD99F9A93A61}"
EndProject
Global
	GlobalSection(SolutionConfigurationPlatforms) = preSolution
		Debug|Any CPU = Debug|Any CPU
		Release|Any CPU = Release|Any CPU
	EndGlobalSection
	GlobalSection(ProjectConfigurationPlatforms) = postSolution
		{3FAB5C86-DAC1-448D-B142-D86EC3858BFD}.Debug|Any CPU.ActiveCfg = Debug|Any CPU
		{3FAB5C86-DAC1-448D-B142-D86EC3858BFD}.Debug|Any CPU.Build.0 = Debug|Any CPU
		{3FAB5C86-DAC1-448D-B142-D86EC3858BFD}.Release|Any CPU.ActiveCfg = Release|Any CPU
		{3FAB5C86-DAC1-448D-B142-D86EC3858BFD}.Release|Any CPU.Build.0 = Release|Any CPU
		{9B7F561F-E337-4465-9587-BD99F9A93A61}.Debug|Any CPU.ActiveCfg = Debug
		{9B7F561F-E337-4465-9587-BD99F9A93A61}.Release|Any CPU.ActiveCfg = Release
		{9B7F561F-E337-4465-9587-BD99F9A93A61}.Release|Any CPU.Build.0 = Release
	EndGlobalSection
	GlobalSection(SolutionProperties) = preSolution
		HideSolutionNode = FALSE
	EndGlobalSection
EndGlobal
